{
  "name": "bz-flag-corps",
  "lockfileVersion": 3,
  "requires": true,
  "packages": {
    "": {
      "dependencies": {
        "@eslint/js": "^9.23.0"
      }
    },
    "node_modules/@eslint/js": {
      "version": "9.23.0",
      "resolved": "https://registry.npmjs.org/@eslint/js/-/js-9.23.0.tgz",
      "integrity": "sha512-35MJ8vCPU0ZMxo7zfev2pypqTwWTofFZO6m4KAtdoFhRpLJUpHTZZ+KB3C7Hb1d7bULYwO4lJXGCi5Se+8OMbw==",
      "license": "MIT",
      "engines": {
        "node": "^18.18.0 || ^20.9.0 || >=21.1.0"
      }
    }
  }
}
